
Microsoft Visual Studio Solution File, Format Version 12.00
# Visual Studio 15
VisualStudioVersion = 15.0.27428.2015
MinimumVisualStudioVersion = 10.0.40219.1
Project("{8BC9CEB8-8B4A-11D0-8D11-00A0C91BC942}") = "ComplexNumber", "ComplexNumber.vcxproj", "{B4ED5982-9741-4051-B75B-C263EA80DEC4}"
EndProject
Global
	GlobalSection(SolutionConfigurationPlatforms) = preSolution
		Debug|x64 = Debug|x64
		Debug|x86 = Debug|x86
		Release|x64 = Release|x64
		Release|x86 = Release|x86
	EndGlobalSection
	GlobalSection(ProjectConfigurationPlatforms) = postSolution
		{B4ED5982-9741-4051-B75B-C263EA80DEC4}.Debug|x64.ActiveCfg = Debug|x64
		{B4ED5982-9741-4051-B75B-C263EA80DEC4}.Debug|x64.Build.0 = Debug|x64
		{B4ED5982-9741-4051-B75B-C263EA80DEC4}.Debug|x86.ActiveCfg = Debug|Win32
		{B4ED5982-9741-4051-B75B-C263EA80DEC4}.Debug|x86.Build.0 = Debug|Win32
		{B4ED5982-9741-4051-B75B-C263EA80DEC4}.Release|x64.ActiveCfg = Release|x64
		{B4ED5982-9741-4051-B75B-C263EA80DEC4}.Release|x64.Build.0 = Release|x64
		{B4ED5982-9741-4051-B75B-C263EA80DEC4}.Release|x86.ActiveCfg = Release|Win32
		{B4ED5982-9741-4051-B75B-C263EA80DEC4}.Release|x86.Build.0 = Release|Win32
	EndGlobalSection
	GlobalSection(SolutionProperties) = preSolution
		HideSolutionNode = FALSE
	EndGlobalSection
	GlobalSection(ExtensibilityGlobals) = postSolution
		SolutionGuid = {FDFAA440-A68B-449C-84DE-6F24A6726D4A}
	EndGlobalSection
EndGlobal
